
Microsoft Visual Studio Solution File, Format Version 12.00
# Visual Studio 14
VisualStudioVersion = 14.0.25123.0
MinimumVisualStudioVersion = 10.0.40219.1
Project("{2150E333-8FDC-42A3-9474-1A3956D46DE8}") = "01-Models", "01-Models", "{0B92FB47-D3F2-4CC9-860C-D4D1D364EA5A}"
EndProject
Project("{FAE04EC0-301F-11D3-BF4B-00C04F79EFBC}") = "Framework.DomainModel", "Framework.DomainModel\Framework.DomainModel.csproj", "{A152BA83-CBC6-420E-B57A-15CEDE8FD37F}"
EndProject
Project("{FAE04EC0-301F-11D3-BF4B-00C04F79EFBC}") = "Framework.ViewModel", "Framework.ViewModel\Framework.ViewModel.csproj", "{2A486F9B-7EC5-4DAE-A0B9-BA020D21560B}"
EndProject
Project("{2150E333-8FDC-42A3-9474-1A3956D46DE8}") = "02-Framework", "02-Framework", "{DB95CF0C-2261-4FF0-8DCD-9AC5B869CA90}"
EndProject
Project("{FAE04EC0-301F-11D3-BF4B-00C04F79EFBC}") = "Framework.Common", "Framework.Common\Framework.Common.csproj", "{8E2C4D00-C7A4-4197-96EA-DAE114A638E3}"
EndProject
Project("{FAE04EC0-301F-11D3-BF4B-00C04F79EFBC}") = "Framework.Core", "Framework.Core\Framework.Core.csproj", "{5E29652C-6A32-4881-9743-355A009E27B6}"
EndProject
Project("{FAE04EC0-301F-11D3-BF4B-00C04F79EFBC}") = "Framework.Core.Contracts", "Framework.Core.Contracts\Framework.Core.Contracts.csproj", "{434A4801-7340-4D8C-AA13-2D31963656FA}"
EndProject
Project("{2150E333-8FDC-42A3-9474-1A3956D46DE8}") = "03-DataAccess", "03-DataAccess", "{8413C910-EC2C-4F08-86B9-4486EE8941C2}"
EndProject
Project("{FAE04EC0-301F-11D3-BF4B-00C04F79EFBC}") = "Framework.Context", "Framework.Context\Framework.Context.csproj", "{CEE15745-A797-4CB5-8938-C2387CB835B8}"
EndProject
Project("{FAE04EC0-301F-11D3-BF4B-00C04F79EFBC}") = "Framework.Repository", "Framework.Repository\Framework.Repository.csproj", "{D54D5C42-9C2E-47E4-B9D6-431E9B0CD1C3}"
EndProject
Project("{FAE04EC0-301F-11D3-BF4B-00C04F79EFBC}") = "Framework.Repository.Bootstrap", "Framework.Repository.Bootstrap\Framework.Repository.Bootstrap.csproj", "{D9A9E55B-9734-49AA-9E3E-594425CE4471}"
EndProject
Project("{FAE04EC0-301F-11D3-BF4B-00C04F79EFBC}") = "Framework.Repository.Contracts", "Framework.Repository.Contracts\Framework.Repository.Contracts.csproj", "{27EF4C6D-7E5F-40F8-A822-7232046283E0}"
EndProject
Project("{2150E333-8FDC-42A3-9474-1A3956D46DE8}") = "04-Service", "04-Service", "{E0C90552-818B-4B99-8D0D-88A49555E17A}"
EndProject
Project("{FAE04EC0-301F-11D3-BF4B-00C04F79EFBC}") = "Framework.Service", "Framework.Service\Framework.Service.csproj", "{8CC9E488-6D90-4AC9-BFCF-8F19EF822B2B}"
EndProject
Project("{FAE04EC0-301F-11D3-BF4B-00C04F79EFBC}") = "Framework.Service.Bootstrap", "Framework.Service.Bootstrap\Framework.Service.Bootstrap.csproj", "{734A88FA-5344-4FD4-BD86-7BF09C5C9864}"
EndProject
Project("{FAE04EC0-301F-11D3-BF4B-00C04F79EFBC}") = "Framework.Service.Contracts", "Framework.Service.Contracts\Framework.Service.Contracts.csproj", "{6167228C-3F95-48E8-BE85-6B19B77A2DC7}"
EndProject
Project("{2150E333-8FDC-42A3-9474-1A3956D46DE8}") = "05-Tests", "05-Tests", "{3F6CED57-899D-4638-ABBF-7108A5863E17}"
EndProject
Project("{FAE04EC0-301F-11D3-BF4B-00C04F79EFBC}") = "Framework.UI", "Framework.UI\Framework.UI.csproj", "{F44F4F9A-8758-454C-BC2C-A97B505DCAEB}"
EndProject
Project("{FAE04EC0-301F-11D3-BF4B-00C04F79EFBC}") = "Framework.Repository.Test", "Framework.Repository.Test\Framework.Repository.Test.csproj", "{7C0A9098-F3EE-4F99-B760-DDB81D1946FF}"
EndProject
Project("{FAE04EC0-301F-11D3-BF4B-00C04F79EFBC}") = "Framework.Service.UnitTest", "Framework.Service.UnitTest\Framework.Service.UnitTest.csproj", "{94CE28E8-6407-4E53-88FB-AC666804C839}"
EndProject
Project("{FAE04EC0-301F-11D3-BF4B-00C04F79EFBC}") = "Framework.Service.IntegrationTest", "Framework.Service.IntegrationTest\Framework.Service.IntegrationTest.csproj", "{58792E21-F2BC-422A-9732-4B3842CB3135}"
EndProject
Project("{FAE04EC0-301F-11D3-BF4B-00C04F79EFBC}") = "Framework.UI.Test", "Framework.UI.Test\Framework.UI.Test.csproj", "{7907ABDB-E543-4B9E-A141-A7F99782AF94}"
EndProject
Global
	GlobalSection(SolutionConfigurationPlatforms) = preSolution
		Debug|Any CPU = Debug|Any CPU
		Release|Any CPU = Release|Any CPU
	EndGlobalSection
	GlobalSection(ProjectConfigurationPlatforms) = postSolution
		{A152BA83-CBC6-420E-B57A-15CEDE8FD37F}.Debug|Any CPU.ActiveCfg = Debug|Any CPU
		{A152BA83-CBC6-420E-B57A-15CEDE8FD37F}.Debug|Any CPU.Build.0 = Debug|Any CPU
		{A152BA83-CBC6-420E-B57A-15CEDE8FD37F}.Release|Any CPU.ActiveCfg = Release|Any CPU
		{A152BA83-CBC6-420E-B57A-15CEDE8FD37F}.Release|Any CPU.Build.0 = Release|Any CPU
		{2A486F9B-7EC5-4DAE-A0B9-BA020D21560B}.Debug|Any CPU.ActiveCfg = Debug|Any CPU
		{2A486F9B-7EC5-4DAE-A0B9-BA020D21560B}.Debug|Any CPU.Build.0 = Debug|Any CPU
		{2A486F9B-7EC5-4DAE-A0B9-BA020D21560B}.Release|Any CPU.ActiveCfg = Release|Any CPU
		{2A486F9B-7EC5-4DAE-A0B9-BA020D21560B}.Release|Any CPU.Build.0 = Release|Any CPU
		{8E2C4D00-C7A4-4197-96EA-DAE114A638E3}.Debug|Any CPU.ActiveCfg = Debug|Any CPU
		{8E2C4D00-C7A4-4197-96EA-DAE114A638E3}.Debug|Any CPU.Build.0 = Debug|Any CPU
		{8E2C4D00-C7A4-4197-96EA-DAE114A638E3}.Release|Any CPU.ActiveCfg = Release|Any CPU
		{8E2C4D00-C7A4-4197-96EA-DAE114A638E3}.Release|Any CPU.Build.0 = Release|Any CPU
		{5E29652C-6A32-4881-9743-355A009E27B6}.Debug|Any CPU.ActiveCfg = Debug|Any CPU
		{5E29652C-6A32-4881-9743-355A009E27B6}.Debug|Any CPU.Build.0 = Debug|Any CPU
		{5E29652C-6A32-4881-9743-355A009E27B6}.Release|Any CPU.ActiveCfg = Release|Any CPU
		{5E29652C-6A32-4881-9743-355A009E27B6}.Release|Any CPU.Build.0 = Release|Any CPU
		{434A4801-7340-4D8C-AA13-2D31963656FA}.Debug|Any CPU.ActiveCfg = Debug|Any CPU
		{434A4801-7340-4D8C-AA13-2D31963656FA}.Debug|Any CPU.Build.0 = Debug|Any CPU
		{434A4801-7340-4D8C-AA13-2D31963656FA}.Release|Any CPU.ActiveCfg = Release|Any CPU
		{434A4801-7340-4D8C-AA13-2D31963656FA}.Release|Any CPU.Build.0 = Release|Any CPU
		{CEE15745-A797-4CB5-8938-C2387CB835B8}.Debug|Any CPU.ActiveCfg = Debug|Any CPU
		{CEE15745-A797-4CB5-8938-C2387CB835B8}.Debug|Any CPU.Build.0 = Debug|Any CPU
		{CEE15745-A797-4CB5-8938-C2387CB835B8}.Release|Any CPU.ActiveCfg = Release|Any CPU
		{CEE15745-A797-4CB5-8938-C2387CB835B8}.Release|Any CPU.Build.0 = Release|Any CPU
		{D54D5C42-9C2E-47E4-B9D6-431E9B0CD1C3}.Debug|Any CPU.ActiveCfg = Debug|Any CPU
		{D54D5C42-9C2E-47E4-B9D6-431E9B0CD1C3}.Debug|Any CPU.Build.0 = Debug|Any CPU
		{D54D5C42-9C2E-47E4-B9D6-431E9B0CD1C3}.Release|Any CPU.ActiveCfg = Release|Any CPU
		{D54D5C42-9C2E-47E4-B9D6-431E9B0CD1C3}.Release|Any CPU.Build.0 = Release|Any CPU
		{D9A9E55B-9734-49AA-9E3E-594425CE4471}.Debug|Any CPU.ActiveCfg = Debug|Any CPU
		{D9A9E55B-9734-49AA-9E3E-594425CE4471}.Debug|Any CPU.Build.0 = Debug|Any CPU
		{D9A9E55B-9734-49AA-9E3E-594425CE4471}.Release|Any CPU.ActiveCfg = Release|Any CPU
		{D9A9E55B-9734-49AA-9E3E-594425CE4471}.Release|Any CPU.Build.0 = Release|Any CPU
		{27EF4C6D-7E5F-40F8-A822-7232046283E0}.Debug|Any CPU.ActiveCfg = Debug|Any CPU
		{27EF4C6D-7E5F-40F8-A822-7232046283E0}.Debug|Any CPU.Build.0 = Debug|Any CPU
		{27EF4C6D-7E5F-40F8-A822-7232046283E0}.Release|Any CPU.ActiveCfg = Release|Any CPU
		{27EF4C6D-7E5F-40F8-A822-7232046283E0}.Release|Any CPU.Build.0 = Release|Any CPU
		{8CC9E488-6D90-4AC9-BFCF-8F19EF822B2B}.Debug|Any CPU.ActiveCfg = Debug|Any CPU
		{8CC9E488-6D90-4AC9-BFCF-8F19EF822B2B}.Debug|Any CPU.Build.0 = Debug|Any CPU
		{8CC9E488-6D90-4AC9-BFCF-8F19EF822B2B}.Release|Any CPU.ActiveCfg = Release|Any CPU
		{8CC9E488-6D90-4AC9-BFCF-8F19EF822B2B}.Release|Any CPU.Build.0 = Release|Any CPU
		{734A88FA-5344-4FD4-BD86-7BF09C5C9864}.Debug|Any CPU.ActiveCfg = Debug|Any CPU
		{734A88FA-5344-4FD4-BD86-7BF09C5C9864}.Debug|Any CPU.Build.0 = Debug|Any CPU
		{734A88FA-5344-4FD4-BD86-7BF09C5C9864}.Release|Any CPU.ActiveCfg = Release|Any CPU
		{734A88FA-5344-4FD4-BD86-7BF09C5C9864}.Release|Any CPU.Build.0 = Release|Any CPU
		{6167228C-3F95-48E8-BE85-6B19B77A2DC7}.Debug|Any CPU.ActiveCfg = Debug|Any CPU
		{6167228C-3F95-48E8-BE85-6B19B77A2DC7}.Debug|Any CPU.Build.0 = Debug|Any CPU
		{6167228C-3F95-48E8-BE85-6B19B77A2DC7}.Release|Any CPU.ActiveCfg = Release|Any CPU
		{6167228C-3F95-48E8-BE85-6B19B77A2DC7}.Release|Any CPU.Build.0 = Release|Any CPU
		{F44F4F9A-8758-454C-BC2C-A97B505DCAEB}.Debug|Any CPU.ActiveCfg = Debug|Any CPU
		{F44F4F9A-8758-454C-BC2C-A97B505DCAEB}.Debug|Any CPU.Build.0 = Debug|Any CPU
		{F44F4F9A-8758-454C-BC2C-A97B505DCAEB}.Release|Any CPU.ActiveCfg = Release|Any CPU
		{F44F4F9A-8758-454C-BC2C-A97B505DCAEB}.Release|Any CPU.Build.0 = Release|Any CPU
		{7C0A9098-F3EE-4F99-B760-DDB81D1946FF}.Debug|Any CPU.ActiveCfg = Debug|Any CPU
		{7C0A9098-F3EE-4F99-B760-DDB81D1946FF}.Debug|Any CPU.Build.0 = Debug|Any CPU
		{7C0A9098-F3EE-4F99-B760-DDB81D1946FF}.Release|Any CPU.ActiveCfg = Release|Any CPU
		{7C0A9098-F3EE-4F99-B760-DDB81D1946FF}.Release|Any CPU.Build.0 = Release|Any CPU
		{94CE28E8-6407-4E53-88FB-AC666804C839}.Debug|Any CPU.ActiveCfg = Debug|Any CPU
		{94CE28E8-6407-4E53-88FB-AC666804C839}.Debug|Any CPU.Build.0 = Debug|Any CPU
		{94CE28E8-6407-4E53-88FB-AC666804C839}.Release|Any CPU.ActiveCfg = Release|Any CPU
		{94CE28E8-6407-4E53-88FB-AC666804C839}.Release|Any CPU.Build.0 = Release|Any CPU
		{58792E21-F2BC-422A-9732-4B3842CB3135}.Debug|Any CPU.ActiveCfg = Debug|Any CPU
		{58792E21-F2BC-422A-9732-4B3842CB3135}.Debug|Any CPU.Build.0 = Debug|Any CPU
		{58792E21-F2BC-422A-9732-4B3842CB3135}.Release|Any CPU.ActiveCfg = Release|Any CPU
		{58792E21-F2BC-422A-9732-4B3842CB3135}.Release|Any CPU.Build.0 = Release|Any CPU
		{7907ABDB-E543-4B9E-A141-A7F99782AF94}.Debug|Any CPU.ActiveCfg = Debug|Any CPU
		{7907ABDB-E543-4B9E-A141-A7F99782AF94}.Debug|Any CPU.Build.0 = Debug|Any CPU
		{7907ABDB-E543-4B9E-A141-A7F99782AF94}.Release|Any CPU.ActiveCfg = Release|Any CPU
		{7907ABDB-E543-4B9E-A141-A7F99782AF94}.Release|Any CPU.Build.0 = Release|Any CPU
	EndGlobalSection
	GlobalSection(SolutionProperties) = preSolution
		HideSolutionNode = FALSE
	EndGlobalSection
	GlobalSection(NestedProjects) = preSolution
		{A152BA83-CBC6-420E-B57A-15CEDE8FD37F} = {0B92FB47-D3F2-4CC9-860C-D4D1D364EA5A}
		{2A486F9B-7EC5-4DAE-A0B9-BA020D21560B} = {0B92FB47-D3F2-4CC9-860C-D4D1D364EA5A}
		{8E2C4D00-C7A4-4197-96EA-DAE114A638E3} = {DB95CF0C-2261-4FF0-8DCD-9AC5B869CA90}
		{5E29652C-6A32-4881-9743-355A009E27B6} = {DB95CF0C-2261-4FF0-8DCD-9AC5B869CA90}
		{434A4801-7340-4D8C-AA13-2D31963656FA} = {DB95CF0C-2261-4FF0-8DCD-9AC5B869CA90}
		{CEE15745-A797-4CB5-8938-C2387CB835B8} = {8413C910-EC2C-4F08-86B9-4486EE8941C2}
		{D54D5C42-9C2E-47E4-B9D6-431E9B0CD1C3} = {8413C910-EC2C-4F08-86B9-4486EE8941C2}
		{D9A9E55B-9734-49AA-9E3E-594425CE4471} = {8413C910-EC2C-4F08-86B9-4486EE8941C2}
		{27EF4C6D-7E5F-40F8-A822-7232046283E0} = {8413C910-EC2C-4F08-86B9-4486EE8941C2}
		{8CC9E488-6D90-4AC9-BFCF-8F19EF822B2B} = {E0C90552-818B-4B99-8D0D-88A49555E17A}
		{734A88FA-5344-4FD4-BD86-7BF09C5C9864} = {E0C90552-818B-4B99-8D0D-88A49555E17A}
		{6167228C-3F95-48E8-BE85-6B19B77A2DC7} = {E0C90552-818B-4B99-8D0D-88A49555E17A}
		{7C0A9098-F3EE-4F99-B760-DDB81D1946FF} = {3F6CED57-899D-4638-ABBF-7108A5863E17}
		{94CE28E8-6407-4E53-88FB-AC666804C839} = {3F6CED57-899D-4638-ABBF-7108A5863E17}
		{58792E21-F2BC-422A-9732-4B3842CB3135} = {3F6CED57-899D-4638-ABBF-7108A5863E17}
		{7907ABDB-E543-4B9E-A141-A7F99782AF94} = {3F6CED57-899D-4638-ABBF-7108A5863E17}
	EndGlobalSection
EndGlobal
